
Microsoft Visual Studio Solution File, Format Version 12.00
# Visual Studio 15
VisualStudioVersion = 15.0.27130.2027
MinimumVisualStudioVersion = 10.0.40219.1
Project("{FAE04EC0-301F-11D3-BF4B-00C04F79EFBC}") = "D.va", "D.va\D.va.csproj", "{56DB3544-5B8A-4BB9-8250-2C058B2C270A}"
EndProject
Global
	GlobalSection(SolutionConfigurationPlatforms) = preSolution
		Debug|Any CPU = Debug|Any CPU
		Release|Any CPU = Release|Any CPU
	EndGlobalSection
	GlobalSection(ProjectConfigurationPlatforms) = postSolution
		{56DB3544-5B8A-4BB9-8250-2C058B2C270A}.Debug|Any CPU.ActiveCfg = Debug|Any CPU
		{56DB3544-5B8A-4BB9-8250-2C058B2C270A}.Debug|Any CPU.Build.0 = Debug|Any CPU
		{56DB3544-5B8A-4BB9-8250-2C058B2C270A}.Release|Any CPU.ActiveCfg = Release|Any CPU
		{56DB3544-5B8A-4BB9-8250-2C058B2C270A}.Release|Any CPU.Build.0 = Release|Any CPU
	EndGlobalSection
	GlobalSection(SolutionProperties) = preSolution
		HideSolutionNode = FALSE
	EndGlobalSection
	GlobalSection(ExtensibilityGlobals) = postSolution
		SolutionGuid = {BD35E8CF-80F6-48DC-90F5-BC3524974ABF}
	EndGlobalSection
EndGlobal
